// !$*UTF8*$!
{
	archiveVersion = 1;
	classes = {
	};
	objectVersion = 50;
	objects = {

/* Begin PBXBuildFile section */
		822FAC46236FDFDA00769E8D /* AppDelegate.swift in Sources */ = {isa = PBXBuildFile; fileRef = 822FAC45236FDFDA00769E8D /* AppDelegate.swift */; };
		822FAC48236FDFDA00769E8D /* art.scnassets in Resources */ = {isa = PBXBuildFile; fileRef = 822FAC47236FDFDA00769E8D /* art.scnassets */; };
		822FAC4A236FDFDA00769E8D /* ViewController.swift in Sources */ = {isa = PBXBuildFile; fileRef = 822FAC49236FDFDA00769E8D /* ViewController.swift */; };
		822FAC4D236FDFDA00769E8D /* Main.storyboard in Resources */ = {isa = PBXBuildFile; fileRef = 822FAC4B236FDFDA00769E8D /* Main.storyboard */; };
		822FAC4F236FDFDC00769E8D /* Assets.xcassets in Resources */ = {isa = PBXBuildFile; fileRef = 822FAC4E236FDFDC00769E8D /* Assets.xcassets */; };
		822FAC52236FDFDC00769E8D /* LaunchScreen.storyboard in Resources */ = {isa = PBXBuildFile; fileRef = 822FAC50236FDFDC00769E8D /* LaunchScreen.storyboard */; };
/* End PBXBuildFile section */

/* Begin PBXFileReference section */
		822FAC42236FDFDA00769E8D /* deep.app */ = {isa = PBXFileReference; explicitFileType = wrapper.application; includeInIndex = 0; path = deep.app; sourceTree = BUILT_PRODUCTS_DIR; };
		822FAC45236FDFDA00769E8D /* AppDelegate.swift */ = {isa = PBXFileReference; lastKnownFileType = sourcecode.swift; path = AppDelegate.swift; sourceTree = "<group>"; };
		822FAC47236FDFDA00769E8D /* art.scnassets */ = {isa = PBXFileReference; lastKnownFileType = wrapper.scnassets; path = art.scnassets; sourceTree = "<group>"; };
		822FAC49236FDFDA00769E8D /* ViewController.swift */ = {isa = PBXFileReference; lastKnownFileType = sourcecode.swift; path = ViewController.swift; sourceTree = "<group>"; };
		822FAC4C236FDFDA00769E8D /* Base */ = {isa = PBXFileReference; lastKnownFileType = file.storyboard; name = Base; path = Base.lproj/Main.storyboard; sourceTree = "<group>"; };
		822FAC4E236FDFDC00769E8D /* Assets.xcassets */ = {isa = PBXFileReference; lastKnownFileType = folder.assetcatalog; path = Assets.xcassets; sourceTree = "<group>"; };
		822FAC51236FDFDC00769E8D /* Base */ = {isa = PBXFileReference; lastKnownFileType = file.storyboard; name = Base; path = Base.lproj/LaunchScreen.storyboard; sourceTree = "<group>"; };
		822FAC53236FDFDC00769E8D /* Info.plist */ = {isa = PBXFileReference; lastKnownFileType = text.plist.xml; path = Info.plist; sourceTree = "<group>"; };
/* End PBXFileReference section */

/* Begin PBXFrameworksBuildPhase section */
		822FAC3F236FDFDA00769E8D /* Frameworks */ = {
			isa = PBXFrameworksBuildPhase;
			buildActionMask = 2147483647;
			files = (
			);
			runOnlyForDeploymentPostprocessing = 0;
		};
/* End PBXFrameworksBuildPhase section */

/* Begin PBXGroup section */
		822FAC39236FDFDA00769E8D = {
			isa = PBXGroup;
			children = (
				822FAC44236FDFDA00769E8D /* deep */,
				822FAC43236FDFDA00769E8D /* Products */,
			);
			sourceTree = "<group>";
		};
		822FAC43236FDFDA00769E8D /* Products */ = {
			isa = PBXGroup;
			children = (
				822FAC42236FDFDA00769E8D /* deep.app */,
			);
			name = Products;
			sourceTree = "<group>";
		};
		822FAC44236FDFDA00769E8D /* deep */ = {
			isa = PBXGroup;
			children = (
				822FAC45236FDFDA00769E8D /* AppDelegate.swift */,
				822FAC47236FDFDA00769E8D /* art.scnassets */,
				822FAC49236FDFDA00769E8D /* ViewController.swift */,
				822FAC4B236FDFDA00769E8D /* Main.storyboard */,
				822FAC4E236FDFDC00769E8D /* Assets.xcassets */,
				822FAC50236FDFDC00769E8D /* LaunchScreen.storyboard */,
				822FAC53236FDFDC00769E8D /* Info.plist */,
			);
			path = deep;
			sourceTree = "<group>";
		};
/* End PBXGroup section */

/* Begin PBXNativeTarget section */
		822FAC41236FDFDA00769E8D /* deep */ = {
			isa = PBXNativeTarget;
			buildConfigurationList = 822FAC56236FDFDC00769E8D /* Build configuration list for PBXNativeTarget "deep" */;
			buildPhases = (
				822FAC3E236FDFDA00769E8D /* Sources */,
				822FAC3F236FDFDA00769E8D /* Frameworks */,
				822FAC40236FDFDA00769E8D /* Resources */,
			);
			buildRules = (
			);
			dependencies = (
			);
			name = deep;
			productName = deep;
			productReference = 822FAC42236FDFDA00769E8D /* deep.app */;
			productType = "com.apple.product-type.application";
		};
/* End PBXNativeTarget section */

/* Begin PBXProject section */
		822FAC3A236FDFDA00769E8D /* Project object */ = {
			isa = PBXProject;
			attributes = {
				LastSwiftUpdateCheck = 1100;
				LastUpgradeCheck = 1100;
				ORGANIZATIONNAME = "Matheus Gois";
				TargetAttributes = {
					822FAC41236FDFDA00769E8D = {
						CreatedOnToolsVersion = 11.0;
					};
				};
			};
			buildConfigurationList = 822FAC3D236FDFDA00769E8D /* Build configuration list for PBXProject "deep" */;
			compatibilityVersion = "Xcode 9.3";
			developmentRegion = en;
			hasScannedForEncodings = 0;
			knownRegions = (
				en,
				Base,
			);
			mainGroup = 822FAC39236FDFDA00769E8D;
			productRefGroup = 822FAC43236FDFDA00769E8D /* Products */;
			projectDirPath = "";
			projectRoot = "";
			targets = (
				822FAC41236FDFDA00769E8D /* deep */,
			);
		};
/* End PBXProject section */

/* Begin PBXResourcesBuildPhase section */
		822FAC40236FDFDA00769E8D /* Resources */ = {
			isa = PBXResourcesBuildPhase;
			buildActionMask = 2147483647;
			files = (
				822FAC48236FDFDA00769E8D /* art.scnassets in Resources */,
				822FAC52236FDFDC00769E8D /* LaunchScreen.storyboard in Resources */,
				822FAC4F236FDFDC00769E8D /* Assets.xcassets in Resources */,
				822FAC4D236FDFDA00769E8D /* Main.storyboard in Resources */,
			);
			runOnlyForDeploymentPostprocessing = 0;
		};
/* End PBXResourcesBuildPhase section */

/* Begin PBXSourcesBuildPhase section */
		822FAC3E236FDFDA00769E8D /* Sources */ = {
			isa = PBXSourcesBuildPhase;
			buildActionMask = 2147483647;
			files = (
				822FAC4A236FDFDA00769E8D /* ViewController.swift in Sources */,
				822FAC46236FDFDA00769E8D /* AppDelegate.swift in Sources */,
			);
			runOnlyForDeploymentPostprocessing = 0;
		};
/* End PBXSourcesBuildPhase section */

/* Begin PBXVariantGroup section */
		822FAC4B236FDFDA00769E8D /* Main.storyboard */ = {
			isa = PBXVariantGroup;
			children = (
				822FAC4C236FDFDA00769E8D /* Base */,
			);
			name = Main.storyboard;
			sourceTree = "<group>";
		};
		822FAC50236FDFDC00769E8D /* LaunchScreen.storyboard */ = {
			isa = PBXVariantGroup;
			children = (
				822FAC51236FDFDC00769E8D /* Base */,
			);
			name = LaunchScreen.storyboard;
			sourceTree = "<group>";
		};
/* End PBXVariantGroup section */

/* Begin XCBuildConfiguration section */
		822FAC54236FDFDC00769E8D /* Debug */ = {
			isa = XCBuildConfiguration;
			buildSettings = {
				ALWAYS_SEARCH_USER_PATHS = NO;
				CLANG_ANALYZER_NONNULL = YES;
				CLANG_ANALYZER_NUMBER_OBJECT_CONVERSION = YES_AGGRESSIVE;
				CLANG_CXX_LANGUAGE_STANDARD = "gnu++14";
				CLANG_CXX_LIBRARY = "libc++";
				CLANG_ENABLE_MODULES = YES;
				CLANG_ENABLE_OBJC_ARC = YES;
				CLANG_ENABLE_OBJC_WEAK = YES;
				CLANG_WARN_BLOCK_CAPTURE_AUTORELEASING = YES;
				CLANG_WARN_BOOL_CONVERSION = YES;
				CLANG_WARN_COMMA = YES;
				CLANG_WARN_CONSTANT_CONVERSION = YES;
				CLANG_WARN_DEPRECATED_OBJC_IMPLEMENTATIONS = YES;
				CLANG_WARN_DIRECT_OBJC_ISA_USAGE = YES_ERROR;
				CLANG_WARN_DOCUMENTATION_COMMENTS = YES;
				CLANG_WARN_EMPTY_BODY = YES;
				CLANG_WARN_ENUM_CONVERSION = YES;
				CLANG_WARN_INFINITE_RECURSION = YES;
				CLANG_WARN_INT_CONVERSION = YES;
				CLANG_WARN_NON_LITERAL_NULL_CONVERSION = YES;
				CLANG_WARN_OBJC_IMPLICIT_RETAIN_SELF = YES;
				CLANG_WARN_OBJC_LITERAL_CONVERSION = YES;
				CLANG_WARN_OBJC_ROOT_CLASS = YES_ERROR;
				CLANG_WARN_RANGE_LOOP_ANALYSIS = YES;
				CLANG_WARN_STRICT_PROTOTYPES = YES;
				CLANG_WARN_SUSPICIOUS_MOVE = YES;
				CLANG_WARN_UNGUARDED_AVAILABILITY = YES_AGGRESSIVE;
				CLANG_WARN_UNREACHABLE_CODE = YES;
				CLANG_WARN__DUPLICATE_METHOD_MATCH = YES;
				COPY_PHASE_STRIP = NO;
				DEBUG_INFORMATION_FORMAT = dwarf;
				ENABLE_STRICT_OBJC_MSGSEND = YES;
				ENABLE_TESTABILITY = YES;
				GCC_C_LANGUAGE_STANDARD = gnu11;
				GCC_DYNAMIC_NO_PIC = NO;
				GCC_NO_COMMON_BLOCKS = YES;
				GCC_OPTIMIZATION_LEVEL = 0;
				GCC_PREPROCESSOR_DEFINITIONS = (
					"DEBUG=1",
					"$(inherited)",
				);
				GCC_WARN_64_TO_32_BIT_CONVERSION = YES;
				GCC_WARN_ABOUT_RETURN_TYPE = YES_ERROR;
				GCC_WARN_UNDECLARED_SELECTOR = YES;
				GCC_WARN_UNINITIALIZED_AUTOS = YES_AGGRESSIVE;
				GCC_WARN_UNUSED_FUNCTION = YES;
				GCC_WARN_UNUSED_VARIABLE = YES;
				IPHONEOS_DEPLOYMENT_TARGET = 13.0;
				MTL_ENABLE_DEBUG_INFO = INCLUDE_SOURCE;
				MTL_FAST_MATH = YES;
				ONLY_ACTIVE_ARCH = YES;
				SDKROOT = iphoneos;
				SWIFT_ACTIVE_COMPILATION_CONDITIONS = DEBUG;
				SWIFT_OPTIMIZATION_LEVEL = "-Onone";
			};
			name = Debug;
		};
		822FAC55236FDFDC00769E8D /* Release */ = {
			isa = XCBuildConfiguration;
			buildSettings = {
				ALWAYS_SEARCH_USER_PATHS = NO;
				CLANG_ANALYZER_NONNULL = YES;
				CLANG_ANALYZER_NUMBER_OBJECT_CONVERSION = YES_AGGRESSIVE;
				CLANG_CXX_LANGUAGE_STANDARD = "gnu++14";
				CLANG_CXX_LIBRARY = "libc++";
				CLANG_ENABLE_MODULES = YES;
				CLANG_ENABLE_OBJC_ARC = YES;
				CLANG_ENABLE_OBJC_WEAK = YES;
				CLANG_WARN_BLOCK_CAPTURE_AUTORELEASING = YES;
				CLANG_WARN_BOOL_CONVERSION = YES;
				CLANG_WARN_COMMA = YES;
				CLANG_WARN_CONSTANT_CONVERSION = YES;
				CLANG_WARN_DEPRECATED_OBJC_IMPLEMENTATIONS = YES;
				CLANG_WARN_DIRECT_OBJC_ISA_USAGE = YES_ERROR;
				CLANG_WARN_DOCUMENTATION_COMMENTS = YES;
				CLANG_WARN_EMPTY_BODY = YES;
				CLANG_WARN_ENUM_CONVERSION = YES;
				CLANG_WARN_INFINITE_RECURSION = YES;
				CLANG_WARN_INT_CONVERSION = YES;
				CLANG_WARN_NON_LITERAL_NULL_CONVERSION = YES;
				CLANG_WARN_OBJC_IMPLICIT_RETAIN_SELF = YES;
				CLANG_WARN_OBJC_LITERAL_CONVERSION = YES;
				CLANG_WARN_OBJC_ROOT_CLASS = YES_ERROR;
				CLANG_WARN_RANGE_LOOP_ANALYSIS = YES;
				CLANG_WARN_STRICT_PROTOTYPES = YES;
				CLANG_WARN_SUSPICIOUS_MOVE = YES;
				CLANG_WARN_UNGUARDED_AVAILABILITY = YES_AGGRESSIVE;
				CLANG_WARN_UNREACHABLE_CODE = YES;
				CLANG_WARN__DUPLICATE_METHOD_MATCH = YES;
				COPY_PHASE_STRIP = NO;
				DEBUG_INFORMATION_FORMAT = "dwarf-with-dsym";
				ENABLE_NS_ASSERTIONS = NO;
				ENABLE_STRICT_OBJC_MSGSEND = YES;
				GCC_C_LANGUAGE_STANDARD = gnu11;
				GCC_NO_COMMON_BLOCKS = YES;
				GCC_WARN_64_TO_32_BIT_CONVERSION = YES;
				GCC_WARN_ABOUT_RETURN_TYPE = YES_ERROR;
				GCC_WARN_UNDECLARED_SELECTOR = YES;
				GCC_WARN_UNINITIALIZED_AUTOS = YES_AGGRESSIVE;
				GCC_WARN_UNUSED_FUNCTION = YES;
				GCC_WARN_UNUSED_VARIABLE = YES;
				IPHONEOS_DEPLOYMENT_TARGET = 13.0;
				MTL_ENABLE_DEBUG_INFO = NO;
				MTL_FAST_MATH = YES;
				SDKROOT = iphoneos;
				SWIFT_COMPILATION_MODE = wholemodule;
				SWIFT_OPTIMIZATION_LEVEL = "-O";
				VALIDATE_PRODUCT = YES;
			};
			name = Release;
		};
		822FAC57236FDFDC00769E8D /* Debug */ = {
			isa = XCBuildConfiguration;
			buildSettings = {
				ASSETCATALOG_COMPILER_APPICON_NAME = AppIcon;
				CODE_SIGN_STYLE = Automatic;
				DEVELOPMENT_TEAM = CTAFH43K36;
				INFOPLIST_FILE = deep/Info.plist;
				LD_RUNPATH_SEARCH_PATHS = (
					"$(inherited)",
					"@executable_path/Frameworks",
				);
				PRODUCT_BUNDLE_IDENTIFIER = maathuesgois.deep;
				PRODUCT_NAME = "$(TARGET_NAME)";
				SWIFT_VERSION = 5.0;
				TARGETED_DEVICE_FAMILY = "1,2";
			};
			name = Debug;
		};
		822FAC58236FDFDC00769E8D /* Release */ = {
			isa = XCBuildConfiguration;
			buildSettings = {
				ASSETCATALOG_COMPILER_APPICON_NAME = AppIcon;
				CODE_SIGN_STYLE = Automatic;
				DEVELOPMENT_TEAM = CTAFH43K36;
				INFOPLIST_FILE = deep/Info.plist;
				LD_RUNPATH_SEARCH_PATHS = (
					"$(inherited)",
					"@executable_path/Frameworks",
				);
				PRODUCT_BUNDLE_IDENTIFIER = maathuesgois.deep;
				PRODUCT_NAME = "$(TARGET_NAME)";
				SWIFT_VERSION = 5.0;
				TARGETED_DEVICE_FAMILY = "1,2";
			};
			name = Release;
		};
/* End XCBuildConfiguration section */

/* Begin XCConfigurationList section */
		822FAC3D236FDFDA00769E8D /* Build configuration list for PBXProject "deep" */ = {
			isa = XCConfigurationList;
			buildConfigurations = (
				822FAC54236FDFDC00769E8D /* Debug */,
				822FAC55236FDFDC00769E8D /* Release */,
			);
			defaultConfigurationIsVisible = 0;
			defaultConfigurationName = Release;
		};
		822FAC56236FDFDC00769E8D /* Build configuration list for PBXNativeTarget "deep" */ = {
			isa = XCConfigurationList;
			buildConfigurations = (
				822FAC57236FDFDC00769E8D /* Debug */,
				822FAC58236FDFDC00769E8D /* Release */,
			);
			defaultConfigurationIsVisible = 0;
			defaultConfigurationName = Release;
		};
/* End XCConfigurationList section */
	};
	rootObject = 822FAC3A236FDFDA00769E8D /* Project object */;
}
